// !$*UTF8*$!
{
	archiveVersion = 1;
	classes = {
	};
	objectVersion = 46;
	objects = {

/* Begin PBXBuildFile section */
		2DF062B31DE1E43A0037BC8F /* AppDelegate.swift in Sources */ = {isa = PBXBuildFile; fileRef = 2DF062B21DE1E43A0037BC8F /* AppDelegate.swift */; };
		2DF062B51DE1E43A0037BC8F /* ViewController.swift in Sources */ = {isa = PBXBuildFile; fileRef = 2DF062B41DE1E43A0037BC8F /* ViewController.swift */; };
		2DF062B81DE1E43A0037BC8F /* Main.storyboard in Resources */ = {isa = PBXBuildFile; fileRef = 2DF062B61DE1E43A0037BC8F /* Main.storyboard */; };
		2DF062BA1DE1E43A0037BC8F /* Assets.xcassets in Resources */ = {isa = PBXBuildFile; fileRef = 2DF062B91DE1E43A0037BC8F /* Assets.xcassets */; };
		2DF062BD1DE1E43A0037BC8F /* LaunchScreen.storyboard in Resources */ = {isa = PBXBuildFile; fileRef = 2DF062BB1DE1E43A0037BC8F /* LaunchScreen.storyboard */; };
		2DF062C81DE1E43B0037BC8F /* NewNotificationsTests.swift in Sources */ = {isa = PBXBuildFile; fileRef = 2DF062C71DE1E43B0037BC8F /* NewNotificationsTests.swift */; };
		2DF062D31DE1EAAE0037BC8F /* giphy.gif in Resources */ = {isa = PBXBuildFile; fileRef = 2DF062D21DE1EAAE0037BC8F /* giphy.gif */; };
		2DF062DB1DE1EDA80037BC8F /* UserNotifications.framework in Frameworks */ = {isa = PBXBuildFile; fileRef = 2DF062DA1DE1EDA80037BC8F /* UserNotifications.framework */; };
		2DF062DD1DE1EDA80037BC8F /* UserNotificationsUI.framework in Frameworks */ = {isa = PBXBuildFile; fileRef = 2DF062DC1DE1EDA80037BC8F /* UserNotificationsUI.framework */; };
		2DF062E01DE1EDA80037BC8F /* NotificationViewController.swift in Sources */ = {isa = PBXBuildFile; fileRef = 2DF062DF1DE1EDA80037BC8F /* NotificationViewController.swift */; };
		2DF062E31DE1EDA80037BC8F /* MainInterface.storyboard in Resources */ = {isa = PBXBuildFile; fileRef = 2DF062E11DE1EDA80037BC8F /* MainInterface.storyboard */; };
		2DF062E71DE1EDA80037BC8F /* MyContentExtension.appex in Embed App Extensions */ = {isa = PBXBuildFile; fileRef = 2DF062D81DE1EDA80037BC8F /* MyContentExtension.appex */; settings = {ATTRIBUTES = (RemoveHeadersOnCopy, ); }; };
/* End PBXBuildFile section */

/* Begin PBXContainerItemProxy section */
		2DF062C41DE1E43B0037BC8F /* PBXContainerItemProxy */ = {
			isa = PBXContainerItemProxy;
			containerPortal = 2DF062A71DE1E43A0037BC8F /* Project object */;
			proxyType = 1;
			remoteGlobalIDString = 2DF062AE1DE1E43A0037BC8F;
			remoteInfo = NewNotifications;
		};
		2DF062E51DE1EDA80037BC8F /* PBXContainerItemProxy */ = {
			isa = PBXContainerItemProxy;
			containerPortal = 2DF062A71DE1E43A0037BC8F /* Project object */;
			proxyType = 1;
			remoteGlobalIDString = 2DF062D71DE1EDA80037BC8F;
			remoteInfo = MyContentExtension;
		};
/* End PBXContainerItemProxy section */

/* Begin PBXCopyFilesBuildPhase section */
		2DF062EB1DE1EDA80037BC8F /* Embed App Extensions */ = {
			isa = PBXCopyFilesBuildPhase;
			buildActionMask = 2147483647;
			dstPath = "";
			dstSubfolderSpec = 13;
			files = (
				2DF062E71DE1EDA80037BC8F /* MyContentExtension.appex in Embed App Extensions */,
			);
			name = "Embed App Extensions";
			runOnlyForDeploymentPostprocessing = 0;
		};
/* End PBXCopyFilesBuildPhase section */

/* Begin PBXFileReference section */
		2DF062AF1DE1E43A0037BC8F /* NewNotifications.app */ = {isa = PBXFileReference; explicitFileType = wrapper.application; includeInIndex = 0; path = NewNotifications.app; sourceTree = BUILT_PRODUCTS_DIR; };
		2DF062B21DE1E43A0037BC8F /* AppDelegate.swift */ = {isa = PBXFileReference; lastKnownFileType = sourcecode.swift; path = AppDelegate.swift; sourceTree = "<group>"; };
		2DF062B41DE1E43A0037BC8F /* ViewController.swift */ = {isa = PBXFileReference; lastKnownFileType = sourcecode.swift; path = ViewController.swift; sourceTree = "<group>"; };
		2DF062B71DE1E43A0037BC8F /* Base */ = {isa = PBXFileReference; lastKnownFileType = file.storyboard; name = Base; path = Base.lproj/Main.storyboard; sourceTree = "<group>"; };
		2DF062B91DE1E43A0037BC8F /* Assets.xcassets */ = {isa = PBXFileReference; lastKnownFileType = folder.assetcatalog; path = Assets.xcassets; sourceTree = "<group>"; };
		2DF062BC1DE1E43A0037BC8F /* Base */ = {isa = PBXFileReference; lastKnownFileType = file.storyboard; name = Base; path = Base.lproj/LaunchScreen.storyboard; sourceTree = "<group>"; };
		2DF062BE1DE1E43A0037BC8F /* Info.plist */ = {isa = PBXFileReference; lastKnownFileType = text.plist.xml; path = Info.plist; sourceTree = "<group>"; };
		2DF062C31DE1E43B0037BC8F /* NewNotificationsTests.xctest */ = {isa = PBXFileReference; explicitFileType = wrapper.cfbundle; includeInIndex = 0; path = NewNotificationsTests.xctest; sourceTree = BUILT_PRODUCTS_DIR; };
		2DF062C71DE1E43B0037BC8F /* NewNotificationsTests.swift */ = {isa = PBXFileReference; lastKnownFileType = sourcecode.swift; path = NewNotificationsTests.swift; sourceTree = "<group>"; };
		2DF062C91DE1E43B0037BC8F /* Info.plist */ = {isa = PBXFileReference; lastKnownFileType = text.plist.xml; path = Info.plist; sourceTree = "<group>"; };
		2DF062D21DE1EAAE0037BC8F /* giphy.gif */ = {isa = PBXFileReference; lastKnownFileType = image.gif; path = giphy.gif; sourceTree = "<group>"; };
		2DF062D81DE1EDA80037BC8F /* MyContentExtension.appex */ = {isa = PBXFileReference; explicitFileType = "wrapper.app-extension"; includeInIndex = 0; path = MyContentExtension.appex; sourceTree = BUILT_PRODUCTS_DIR; };
		2DF062DA1DE1EDA80037BC8F /* UserNotifications.framework */ = {isa = PBXFileReference; lastKnownFileType = wrapper.framework; name = UserNotifications.framework; path = System/Library/Frameworks/UserNotifications.framework; sourceTree = SDKROOT; };
		2DF062DC1DE1EDA80037BC8F /* UserNotificationsUI.framework */ = {isa = PBXFileReference; lastKnownFileType = wrapper.framework; name = UserNotificationsUI.framework; path = System/Library/Frameworks/UserNotificationsUI.framework; sourceTree = SDKROOT; };
		2DF062DF1DE1EDA80037BC8F /* NotificationViewController.swift */ = {isa = PBXFileReference; lastKnownFileType = sourcecode.swift; path = NotificationViewController.swift; sourceTree = "<group>"; };
		2DF062E21DE1EDA80037BC8F /* Base */ = {isa = PBXFileReference; lastKnownFileType = file.storyboard; name = Base; path = Base.lproj/MainInterface.storyboard; sourceTree = "<group>"; };
		2DF062E41DE1EDA80037BC8F /* Info.plist */ = {isa = PBXFileReference; lastKnownFileType = text.plist.xml; path = Info.plist; sourceTree = "<group>"; };
/* End PBXFileReference section */

/* Begin PBXFrameworksBuildPhase section */
		2DF062AC1DE1E43A0037BC8F /* Frameworks */ = {
			isa = PBXFrameworksBuildPhase;
			buildActionMask = 2147483647;
			files = (
			);
			runOnlyForDeploymentPostprocessing = 0;
		};
		2DF062C01DE1E43B0037BC8F /* Frameworks */ = {
			isa = PBXFrameworksBuildPhase;
			buildActionMask = 2147483647;
			files = (
			);
			runOnlyForDeploymentPostprocessing = 0;
		};
		2DF062D51DE1EDA80037BC8F /* Frameworks */ = {
			isa = PBXFrameworksBuildPhase;
			buildActionMask = 2147483647;
			files = (
				2DF062DD1DE1EDA80037BC8F /* UserNotificationsUI.framework in Frameworks */,
				2DF062DB1DE1EDA80037BC8F /* UserNotifications.framework in Frameworks */,
			);
			runOnlyForDeploymentPostprocessing = 0;
		};
/* End PBXFrameworksBuildPhase section */

/* Begin PBXGroup section */
		2DF062A61DE1E43A0037BC8F = {
			isa = PBXGroup;
			children = (
				2DF062B11DE1E43A0037BC8F /* NewNotifications */,
				2DF062DE1DE1EDA80037BC8F /* MyContentExtension */,
				2DF062C61DE1E43B0037BC8F /* NewNotificationsTests */,
				2DF062D91DE1EDA80037BC8F /* Frameworks */,
				2DF062B01DE1E43A0037BC8F /* Products */,
			);
			sourceTree = "<group>";
		};
		2DF062B01DE1E43A0037BC8F /* Products */ = {
			isa = PBXGroup;
			children = (
				2DF062AF1DE1E43A0037BC8F /* NewNotifications.app */,
				2DF062C31DE1E43B0037BC8F /* NewNotificationsTests.xctest */,
				2DF062D81DE1EDA80037BC8F /* MyContentExtension.appex */,
			);
			name = Products;
			sourceTree = "<group>";
		};
		2DF062B11DE1E43A0037BC8F /* NewNotifications */ = {
			isa = PBXGroup;
			children = (
				2DF062B21DE1E43A0037BC8F /* AppDelegate.swift */,
				2DF062B41DE1E43A0037BC8F /* ViewController.swift */,
				2DF062B61DE1E43A0037BC8F /* Main.storyboard */,
				2DF062B91DE1E43A0037BC8F /* Assets.xcassets */,
				2DF062BB1DE1E43A0037BC8F /* LaunchScreen.storyboard */,
				2DF062D21DE1EAAE0037BC8F /* giphy.gif */,
				2DF062BE1DE1E43A0037BC8F /* Info.plist */,
			);
			path = NewNotifications;
			sourceTree = "<group>";
		};
		2DF062C61DE1E43B0037BC8F /* NewNotificationsTests */ = {
			isa = PBXGroup;
			children = (
				2DF062C71DE1E43B0037BC8F /* NewNotificationsTests.swift */,
				2DF062C91DE1E43B0037BC8F /* Info.plist */,
			);
			path = NewNotificationsTests;
			sourceTree = "<group>";
		};
		2DF062D91DE1EDA80037BC8F /* Frameworks */ = {
			isa = PBXGroup;
			children = (
				2DF062DA1DE1EDA80037BC8F /* UserNotifications.framework */,
				2DF062DC1DE1EDA80037BC8F /* UserNotificationsUI.framework */,
			);
			name = Frameworks;
			sourceTree = "<group>";
		};
		2DF062DE1DE1EDA80037BC8F /* MyContentExtension */ = {
			isa = PBXGroup;
			children = (
				2DF062DF1DE1EDA80037BC8F /* NotificationViewController.swift */,
				2DF062E11DE1EDA80037BC8F /* MainInterface.storyboard */,
				2DF062E41DE1EDA80037BC8F /* Info.plist */,
			);
			path = MyContentExtension;
			sourceTree = "<group>";
		};
/* End PBXGroup section */

/* Begin PBXNativeTarget section */
		2DF062AE1DE1E43A0037BC8F /* NewNotifications */ = {
			isa = PBXNativeTarget;
			buildConfigurationList = 2DF062CC1DE1E43B0037BC8F /* Build configuration list for PBXNativeTarget "NewNotifications" */;
			buildPhases = (
				2DF062AB1DE1E43A0037BC8F /* Sources */,
				2DF062AC1DE1E43A0037BC8F /* Frameworks */,
				2DF062AD1DE1E43A0037BC8F /* Resources */,
				2DF062EB1DE1EDA80037BC8F /* Embed App Extensions */,
			);
			buildRules = (
			);
			dependencies = (
				2DF062E61DE1EDA80037BC8F /* PBXTargetDependency */,
			);
			name = NewNotifications;
			productName = NewNotifications;
			productReference = 2DF062AF1DE1E43A0037BC8F /* NewNotifications.app */;
			productType = "com.apple.product-type.application";
		};
		2DF062C21DE1E43B0037BC8F /* NewNotificationsTests */ = {
			isa = PBXNativeTarget;
			buildConfigurationList = 2DF062CF1DE1E43B0037BC8F /* Build configuration list for PBXNativeTarget "NewNotificationsTests" */;
			buildPhases = (
				2DF062BF1DE1E43B0037BC8F /* Sources */,
				2DF062C01DE1E43B0037BC8F /* Frameworks */,
				2DF062C11DE1E43B0037BC8F /* Resources */,
			);
			buildRules = (
			);
			dependencies = (
				2DF062C51DE1E43B0037BC8F /* PBXTargetDependency */,
			);
			name = NewNotificationsTests;
			productName = NewNotificationsTests;
			productReference = 2DF062C31DE1E43B0037BC8F /* NewNotificationsTests.xctest */;
			productType = "com.apple.product-type.bundle.unit-test";
		};
		2DF062D71DE1EDA80037BC8F /* MyContentExtension */ = {
			isa = PBXNativeTarget;
			buildConfigurationList = 2DF062E81DE1EDA80037BC8F /* Build configuration list for PBXNativeTarget "MyContentExtension" */;
			buildPhases = (
				2DF062D41DE1EDA80037BC8F /* Sources */,
				2DF062D51DE1EDA80037BC8F /* Frameworks */,
				2DF062D61DE1EDA80037BC8F /* Resources */,
			);
			buildRules = (
			);
			dependencies = (
			);
			name = MyContentExtension;
			productName = MyContentExtension;
			productReference = 2DF062D81DE1EDA80037BC8F /* MyContentExtension.appex */;
			productType = "com.apple.product-type.app-extension";
		};
/* End PBXNativeTarget section */

/* Begin PBXProject section */
		2DF062A71DE1E43A0037BC8F /* Project object */ = {
			isa = PBXProject;
			attributes = {
				LastSwiftUpdateCheck = 0810;
				LastUpgradeCheck = 0810;
				ORGANIZATIONNAME = "Murad Hajiyev";
				TargetAttributes = {
					2DF062AE1DE1E43A0037BC8F = {
						CreatedOnToolsVersion = 8.1;
						DevelopmentTeam = 84GJS5M4NT;
						ProvisioningStyle = Automatic;
					};
					2DF062C21DE1E43B0037BC8F = {
						CreatedOnToolsVersion = 8.1;
						DevelopmentTeam = 84GJS5M4NT;
						ProvisioningStyle = Automatic;
						TestTargetID = 2DF062AE1DE1E43A0037BC8F;
					};
					2DF062D71DE1EDA80037BC8F = {
						CreatedOnToolsVersion = 8.1;
						DevelopmentTeam = 84GJS5M4NT;
						ProvisioningStyle = Automatic;
					};
				};
			};
			buildConfigurationList = 2DF062AA1DE1E43A0037BC8F /* Build configuration list for PBXProject "NewNotifications" */;
			compatibilityVersion = "Xcode 3.2";
			developmentRegion = English;
			hasScannedForEncodings = 0;
			knownRegions = (
				en,
				Base,
			);
			mainGroup = 2DF062A61DE1E43A0037BC8F;
			productRefGroup = 2DF062B01DE1E43A0037BC8F /* Products */;
			projectDirPath = "";
			projectRoot = "";
			targets = (
				2DF062AE1DE1E43A0037BC8F /* NewNotifications */,
				2DF062C21DE1E43B0037BC8F /* NewNotificationsTests */,
				2DF062D71DE1EDA80037BC8F /* MyContentExtension */,
			);
		};
/* End PBXProject section */

/* Begin PBXResourcesBuildPhase section */
		2DF062AD1DE1E43A0037BC8F /* Resources */ = {
			isa = PBXResourcesBuildPhase;
			buildActionMask = 2147483647;
			files = (
				2DF062BD1DE1E43A0037BC8F /* LaunchScreen.storyboard in Resources */,
				2DF062BA1DE1E43A0037BC8F /* Assets.xcassets in Resources */,
				2DF062D31DE1EAAE0037BC8F /* giphy.gif in Resources */,
				2DF062B81DE1E43A0037BC8F /* Main.storyboard in Resources */,
			);
			runOnlyForDeploymentPostprocessing = 0;
		};
		2DF062C11DE1E43B0037BC8F /* Resources */ = {
			isa = PBXResourcesBuildPhase;
			buildActionMask = 2147483647;
			files = (
			);
			runOnlyForDeploymentPostprocessing = 0;
		};
		2DF062D61DE1EDA80037BC8F /* Resources */ = {
			isa = PBXResourcesBuildPhase;
			buildActionMask = 2147483647;
			files = (
				2DF062E31DE1EDA80037BC8F /* MainInterface.storyboard in Resources */,
			);
			runOnlyForDeploymentPostprocessing = 0;
		};
/* End PBXResourcesBuildPhase section */

/* Begin PBXSourcesBuildPhase section */
		2DF062AB1DE1E43A0037BC8F /* Sources */ = {
			isa = PBXSourcesBuildPhase;
			buildActionMask = 2147483647;
			files = (
				2DF062B51DE1E43A0037BC8F /* ViewController.swift in Sources */,
				2DF062B31DE1E43A0037BC8F /* AppDelegate.swift in Sources */,
			);
			runOnlyForDeploymentPostprocessing = 0;
		};
		2DF062BF1DE1E43B0037BC8F /* Sources */ = {
			isa = PBXSourcesBuildPhase;
			buildActionMask = 2147483647;
			files = (
				2DF062C81DE1E43B0037BC8F /* NewNotificationsTests.swift in Sources */,
			);
			runOnlyForDeploymentPostprocessing = 0;
		};
		2DF062D41DE1EDA80037BC8F /* Sources */ = {
			isa = PBXSourcesBuildPhase;
			buildActionMask = 2147483647;
			files = (
				2DF062E01DE1EDA80037BC8F /* NotificationViewController.swift in Sources */,
			);
			runOnlyForDeploymentPostprocessing = 0;
		};
/* End PBXSourcesBuildPhase section */

/* Begin PBXTargetDependency section */
		2DF062C51DE1E43B0037BC8F /* PBXTargetDependency */ = {
			isa = PBXTargetDependency;
			target = 2DF062AE1DE1E43A0037BC8F /* NewNotifications */;
			targetProxy = 2DF062C41DE1E43B0037BC8F /* PBXContainerItemProxy */;
		};
		2DF062E61DE1EDA80037BC8F /* PBXTargetDependency */ = {
			isa = PBXTargetDependency;
			target = 2DF062D71DE1EDA80037BC8F /* MyContentExtension */;
			targetProxy = 2DF062E51DE1EDA80037BC8F /* PBXContainerItemProxy */;
		};
/* End PBXTargetDependency section */

/* Begin PBXVariantGroup section */
		2DF062B61DE1E43A0037BC8F /* Main.storyboard */ = {
			isa = PBXVariantGroup;
			children = (
				2DF062B71DE1E43A0037BC8F /* Base */,
			);
			name = Main.storyboard;
			sourceTree = "<group>";
		};
		2DF062BB1DE1E43A0037BC8F /* LaunchScreen.storyboard */ = {
			isa = PBXVariantGroup;
			children = (
				2DF062BC1DE1E43A0037BC8F /* Base */,
			);
			name = LaunchScreen.storyboard;
			sourceTree = "<group>";
		};
		2DF062E11DE1EDA80037BC8F /* MainInterface.storyboard */ = {
			isa = PBXVariantGroup;
			children = (
				2DF062E21DE1EDA80037BC8F /* Base */,
			);
			name = MainInterface.storyboard;
			sourceTree = "<group>";
		};
/* End PBXVariantGroup section */

/* Begin XCBuildConfiguration section */
		2DF062CA1DE1E43B0037BC8F /* Debug */ = {
			isa = XCBuildConfiguration;
			buildSettings = {
				ALWAYS_SEARCH_USER_PATHS = NO;
				CLANG_ANALYZER_NONNULL = YES;
				CLANG_CXX_LANGUAGE_STANDARD = "gnu++0x";
				CLANG_CXX_LIBRARY = "libc++";
				CLANG_ENABLE_MODULES = YES;
				CLANG_ENABLE_OBJC_ARC = YES;
				CLANG_WARN_BOOL_CONVERSION = YES;
				CLANG_WARN_CONSTANT_CONVERSION = YES;
				CLANG_WARN_DIRECT_OBJC_ISA_USAGE = YES_ERROR;
				CLANG_WARN_DOCUMENTATION_COMMENTS = YES;
				CLANG_WARN_EMPTY_BODY = YES;
				CLANG_WARN_ENUM_CONVERSION = YES;
				CLANG_WARN_INFINITE_RECURSION = YES;
				CLANG_WARN_INT_CONVERSION = YES;
				CLANG_WARN_OBJC_ROOT_CLASS = YES_ERROR;
				CLANG_WARN_SUSPICIOUS_MOVES = YES;
				CLANG_WARN_UNREACHABLE_CODE = YES;
				CLANG_WARN__DUPLICATE_METHOD_MATCH = YES;
				"CODE_SIGN_IDENTITY[sdk=iphoneos*]" = "iPhone Developer";
				COPY_PHASE_STRIP = NO;
				DEBUG_INFORMATION_FORMAT = dwarf;
				ENABLE_STRICT_OBJC_MSGSEND = YES;
				ENABLE_TESTABILITY = YES;
				GCC_C_LANGUAGE_STANDARD = gnu99;
				GCC_DYNAMIC_NO_PIC = NO;
				GCC_NO_COMMON_BLOCKS = YES;
				GCC_OPTIMIZATION_LEVEL = 0;
				GCC_PREPROCESSOR_DEFINITIONS = (
					"DEBUG=1",
					"$(inherited)",
				);
				GCC_WARN_64_TO_32_BIT_CONVERSION = YES;
				GCC_WARN_ABOUT_RETURN_TYPE = YES_ERROR;
				GCC_WARN_UNDECLARED_SELECTOR = YES;
				GCC_WARN_UNINITIALIZED_AUTOS = YES_AGGRESSIVE;
				GCC_WARN_UNUSED_FUNCTION = YES;
				GCC_WARN_UNUSED_VARIABLE = YES;
				IPHONEOS_DEPLOYMENT_TARGET = 10.1;
				MTL_ENABLE_DEBUG_INFO = YES;
				ONLY_ACTIVE_ARCH = YES;
				SDKROOT = iphoneos;
				SWIFT_ACTIVE_COMPILATION_CONDITIONS = DEBUG;
				SWIFT_OPTIMIZATION_LEVEL = "-Onone";
				TARGETED_DEVICE_FAMILY = "1,2";
			};
			name = Debug;
		};
		2DF062CB1DE1E43B0037BC8F /* Release */ = {
			isa = XCBuildConfiguration;
			buildSettings = {
				ALWAYS_SEARCH_USER_PATHS = NO;
				CLANG_ANALYZER_NONNULL = YES;
				CLANG_CXX_LANGUAGE_STANDARD = "gnu++0x";
				CLANG_CXX_LIBRARY = "libc++";
				CLANG_ENABLE_MODULES = YES;
				CLANG_ENABLE_OBJC_ARC = YES;
				CLANG_WARN_BOOL_CONVERSION = YES;
				CLANG_WARN_CONSTANT_CONVERSION = YES;
				CLANG_WARN_DIRECT_OBJC_ISA_USAGE = YES_ERROR;
				CLANG_WARN_DOCUMENTATION_COMMENTS = YES;
				CLANG_WARN_EMPTY_BODY = YES;
				CLANG_WARN_ENUM_CONVERSION = YES;
				CLANG_WARN_INFINITE_RECURSION = YES;
				CLANG_WARN_INT_CONVERSION = YES;
				CLANG_WARN_OBJC_ROOT_CLASS = YES_ERROR;
				CLANG_WARN_SUSPICIOUS_MOVES = YES;
				CLANG_WARN_UNREACHABLE_CODE = YES;
				CLANG_WARN__DUPLICATE_METHOD_MATCH = YES;
				"CODE_SIGN_IDENTITY[sdk=iphoneos*]" = "iPhone Developer";
				COPY_PHASE_STRIP = NO;
				DEBUG_INFORMATION_FORMAT = "dwarf-with-dsym";
				ENABLE_NS_ASSERTIONS = NO;
				ENABLE_STRICT_OBJC_MSGSEND = YES;
				GCC_C_LANGUAGE_STANDARD = gnu99;
				GCC_NO_COMMON_BLOCKS = YES;
				GCC_WARN_64_TO_32_BIT_CONVERSION = YES;
				GCC_WARN_ABOUT_RETURN_TYPE = YES_ERROR;
				GCC_WARN_UNDECLARED_SELECTOR = YES;
				GCC_WARN_UNINITIALIZED_AUTOS = YES_AGGRESSIVE;
				GCC_WARN_UNUSED_FUNCTION = YES;
				GCC_WARN_UNUSED_VARIABLE = YES;
				IPHONEOS_DEPLOYMENT_TARGET = 10.1;
				MTL_ENABLE_DEBUG_INFO = NO;
				SDKROOT = iphoneos;
				SWIFT_OPTIMIZATION_LEVEL = "-Owholemodule";
				TARGETED_DEVICE_FAMILY = "1,2";
				VALIDATE_PRODUCT = YES;
			};
			name = Release;
		};
		2DF062CD1DE1E43B0037BC8F /* Debug */ = {
			isa = XCBuildConfiguration;
			buildSettings = {
				ALWAYS_EMBED_SWIFT_STANDARD_LIBRARIES = YES;
				ASSETCATALOG_COMPILER_APPICON_NAME = AppIcon;
				DEVELOPMENT_TEAM = 84GJS5M4NT;
				INFOPLIST_FILE = NewNotifications/Info.plist;
				LD_RUNPATH_SEARCH_PATHS = "$(inherited) @executable_path/Frameworks";
				PRODUCT_BUNDLE_IDENTIFIER = murad.NewNotifications;
				PRODUCT_NAME = "$(TARGET_NAME)";
				SWIFT_VERSION = 3.0;
			};
			name = Debug;
		};
		2DF062CE1DE1E43B0037BC8F /* Release */ = {
			isa = XCBuildConfiguration;
			buildSettings = {
				ALWAYS_EMBED_SWIFT_STANDARD_LIBRARIES = YES;
				ASSETCATALOG_COMPILER_APPICON_NAME = AppIcon;
				DEVELOPMENT_TEAM = 84GJS5M4NT;
				INFOPLIST_FILE = NewNotifications/Info.plist;
				LD_RUNPATH_SEARCH_PATHS = "$(inherited) @executable_path/Frameworks";
				PRODUCT_BUNDLE_IDENTIFIER = murad.NewNotifications;
				PRODUCT_NAME = "$(TARGET_NAME)";
				SWIFT_VERSION = 3.0;
			};
			name = Release;
		};
		2DF062D01DE1E43B0037BC8F /* Debug */ = {
			isa = XCBuildConfiguration;
			buildSettings = {
				ALWAYS_EMBED_SWIFT_STANDARD_LIBRARIES = YES;
				BUNDLE_LOADER = "$(TEST_HOST)";
				DEVELOPMENT_TEAM = 84GJS5M4NT;
				INFOPLIST_FILE = NewNotificationsTests/Info.plist;
				LD_RUNPATH_SEARCH_PATHS = "$(inherited) @executable_path/Frameworks @loader_path/Frameworks";
				PRODUCT_BUNDLE_IDENTIFIER = murad.NewNotificationsTests;
				PRODUCT_NAME = "$(TARGET_NAME)";
				SWIFT_VERSION = 3.0;
				TEST_HOST = "$(BUILT_PRODUCTS_DIR)/NewNotifications.app/NewNotifications";
			};
			name = Debug;
		};
		2DF062D11DE1E43B0037BC8F /* Release */ = {
			isa = XCBuildConfiguration;
			buildSettings = {
				ALWAYS_EMBED_SWIFT_STANDARD_LIBRARIES = YES;
				BUNDLE_LOADER = "$(TEST_HOST)";
				DEVELOPMENT_TEAM = 84GJS5M4NT;
				INFOPLIST_FILE = NewNotificationsTests/Info.plist;
				LD_RUNPATH_SEARCH_PATHS = "$(inherited) @executable_path/Frameworks @loader_path/Frameworks";
				PRODUCT_BUNDLE_IDENTIFIER = murad.NewNotificationsTests;
				PRODUCT_NAME = "$(TARGET_NAME)";
				SWIFT_VERSION = 3.0;
				TEST_HOST = "$(BUILT_PRODUCTS_DIR)/NewNotifications.app/NewNotifications";
			};
			name = Release;
		};
		2DF062E91DE1EDA80037BC8F /* Debug */ = {
			isa = XCBuildConfiguration;
			buildSettings = {
				DEVELOPMENT_TEAM = 84GJS5M4NT;
				INFOPLIST_FILE = MyContentExtension/Info.plist;
				LD_RUNPATH_SEARCH_PATHS = "$(inherited) @executable_path/Frameworks @executable_path/../../Frameworks";
				PRODUCT_BUNDLE_IDENTIFIER = murad.NewNotifications.MyContentExtension;
				PRODUCT_NAME = "$(TARGET_NAME)";
				SKIP_INSTALL = YES;
				SWIFT_VERSION = 3.0;
			};
			name = Debug;
		};
		2DF062EA1DE1EDA80037BC8F /* Release */ = {
			isa = XCBuildConfiguration;
			buildSettings = {
				DEVELOPMENT_TEAM = 84GJS5M4NT;
				INFOPLIST_FILE = MyContentExtension/Info.plist;
				LD_RUNPATH_SEARCH_PATHS = "$(inherited) @executable_path/Frameworks @executable_path/../../Frameworks";
				PRODUCT_BUNDLE_IDENTIFIER = murad.NewNotifications.MyContentExtension;
				PRODUCT_NAME = "$(TARGET_NAME)";
				SKIP_INSTALL = YES;
				SWIFT_VERSION = 3.0;
			};
			name = Release;
		};
/* End XCBuildConfiguration section */

/* Begin XCConfigurationList section */
		2DF062AA1DE1E43A0037BC8F /* Build configuration list for PBXProject "NewNotifications" */ = {
			isa = XCConfigurationList;
			buildConfigurations = (
				2DF062CA1DE1E43B0037BC8F /* Debug */,
				2DF062CB1DE1E43B0037BC8F /* Release */,
			);
			defaultConfigurationIsVisible = 0;
			defaultConfigurationName = Release;
		};
		2DF062CC1DE1E43B0037BC8F /* Build configuration list for PBXNativeTarget "NewNotifications" */ = {
			isa = XCConfigurationList;
			buildConfigurations = (
				2DF062CD1DE1E43B0037BC8F /* Debug */,
				2DF062CE1DE1E43B0037BC8F /* Release */,
			);
			defaultConfigurationIsVisible = 0;
		};
		2DF062CF1DE1E43B0037BC8F /* Build configuration list for PBXNativeTarget "NewNotificationsTests" */ = {
			isa = XCConfigurationList;
			buildConfigurations = (
				2DF062D01DE1E43B0037BC8F /* Debug */,
				2DF062D11DE1E43B0037BC8F /* Release */,
			);
			defaultConfigurationIsVisible = 0;
		};
		2DF062E81DE1EDA80037BC8F /* Build configuration list for PBXNativeTarget "MyContentExtension" */ = {
			isa = XCConfigurationList;
			buildConfigurations = (
				2DF062E91DE1EDA80037BC8F /* Debug */,
				2DF062EA1DE1EDA80037BC8F /* Release */,
			);
			defaultConfigurationIsVisible = 0;
		};
/* End XCConfigurationList section */
	};
	rootObject = 2DF062A71DE1E43A0037BC8F /* Project object */;
}
